// !$*UTF8*$!
{
	archiveVersion = 1;
	classes = {
	};
	objectVersion = 54;
	objects = {

/* Begin PBXBuildFile section */
		FA9EA77C276909C20063066E /* CandiedYams.h in Headers */ = {isa = PBXBuildFile; fileRef = FA9EA77B276909C20063066E /* CandiedYams.h */; settings = {ATTRIBUTES = (Public, ); }; };
		FA9EA78427690A630063066E /* Yams in Frameworks */ = {isa = PBXBuildFile; productRef = FA9EA78327690A630063066E /* Yams */; };
		FA9EA78627690B9B0063066E /* SugarSyrup.swift in Sources */ = {isa = PBXBuildFile; fileRef = FA9EA78527690B9B0063066E /* SugarSyrup.swift */; };
		FA9EA78E276918610063066E /* CandiedYamsTests.m in Sources */ = {isa = PBXBuildFile; fileRef = FA9EA78D276918610063066E /* CandiedYamsTests.m */; };
		FA9EA7B7276918970063066E /* CandiedYams.framework in Frameworks */ = {isa = PBXBuildFile; fileRef = FA9EA778276909C20063066E /* CandiedYams.framework */; };
/* End PBXBuildFile section */

/* Begin PBXContainerItemProxy section */
		FA9EA7B42769188C0063066E /* PBXContainerItemProxy */ = {
			isa = PBXContainerItemProxy;
			containerPortal = FA9EA76F276909C20063066E /* Project object */;
			proxyType = 1;
			remoteGlobalIDString = FA9EA777276909C20063066E;
			remoteInfo = CandiedYams;
		};
/* End PBXContainerItemProxy section */

/* Begin PBXFileReference section */
		FA9EA778276909C20063066E /* CandiedYams.framework */ = {isa = PBXFileReference; explicitFileType = wrapper.framework; includeInIndex = 0; path = CandiedYams.framework; sourceTree = BUILT_PRODUCTS_DIR; };
		FA9EA77B276909C20063066E /* CandiedYams.h */ = {isa = PBXFileReference; lastKnownFileType = sourcecode.c.h; path = CandiedYams.h; sourceTree = "<group>"; };
		FA9EA78527690B9B0063066E /* SugarSyrup.swift */ = {isa = PBXFileReference; lastKnownFileType = sourcecode.swift; path = SugarSyrup.swift; sourceTree = "<group>"; };
		FA9EA78B276918610063066E /* CandiedYamsTests.xctest */ = {isa = PBXFileReference; explicitFileType = wrapper.cfbundle; includeInIndex = 0; path = CandiedYamsTests.xctest; sourceTree = BUILT_PRODUCTS_DIR; };
		FA9EA78D276918610063066E /* CandiedYamsTests.m */ = {isa = PBXFileReference; lastKnownFileType = sourcecode.c.objc; path = CandiedYamsTests.m; sourceTree = "<group>"; };
/* End PBXFileReference section */

/* Begin PBXFrameworksBuildPhase section */
		FA9EA775276909C20063066E /* Frameworks */ = {
			isa = PBXFrameworksBuildPhase;
			buildActionMask = 2147483647;
			files = (
				FA9EA78427690A630063066E /* Yams in Frameworks */,
			);
			runOnlyForDeploymentPostprocessing = 0;
		};
		FA9EA788276918610063066E /* Frameworks */ = {
			isa = PBXFrameworksBuildPhase;
			buildActionMask = 2147483647;
			files = (
				FA9EA7B7276918970063066E /* CandiedYams.framework in Frameworks */,
			);
			runOnlyForDeploymentPostprocessing = 0;
		};
/* End PBXFrameworksBuildPhase section */

/* Begin PBXGroup section */
		FA9EA76E276909C20063066E = {
			isa = PBXGroup;
			children = (
				FA9EA77A276909C20063066E /* CandiedYams */,
				FA9EA78C276918610063066E /* CandiedYamsTests */,
				FA9EA779276909C20063066E /* Products */,
			);
			sourceTree = "<group>";
		};
		FA9EA779276909C20063066E /* Products */ = {
			isa = PBXGroup;
			children = (
				FA9EA778276909C20063066E /* CandiedYams.framework */,
				FA9EA78B276918610063066E /* CandiedYamsTests.xctest */,
			);
			name = Products;
			sourceTree = "<group>";
		};
		FA9EA77A276909C20063066E /* CandiedYams */ = {
			isa = PBXGroup;
			children = (
				FA9EA77B276909C20063066E /* CandiedYams.h */,
				FA9EA78527690B9B0063066E /* SugarSyrup.swift */,
			);
			path = CandiedYams;
			sourceTree = "<group>";
		};
		FA9EA78C276918610063066E /* CandiedYamsTests */ = {
			isa = PBXGroup;
			children = (
				FA9EA78D276918610063066E /* CandiedYamsTests.m */,
			);
			path = CandiedYamsTests;
			sourceTree = "<group>";
		};
/* End PBXGroup section */

/* Begin PBXHeadersBuildPhase section */
		FA9EA773276909C20063066E /* Headers */ = {
			isa = PBXHeadersBuildPhase;
			buildActionMask = 2147483647;
			files = (
				FA9EA77C276909C20063066E /* CandiedYams.h in Headers */,
			);
			runOnlyForDeploymentPostprocessing = 0;
		};
/* End PBXHeadersBuildPhase section */

/* Begin PBXNativeTarget section */
		FA9EA777276909C20063066E /* CandiedYams */ = {
			isa = PBXNativeTarget;
			buildConfigurationList = FA9EA77F276909C20063066E /* Build configuration list for PBXNativeTarget "CandiedYams" */;
			buildPhases = (
				FA9EA773276909C20063066E /* Headers */,
				FA9EA774276909C20063066E /* Sources */,
				FA9EA775276909C20063066E /* Frameworks */,
				FA9EA776276909C20063066E /* Resources */,
			);
			buildRules = (
			);
			dependencies = (
				FA40E6AB27AB4D3200A2A528 /* PBXTargetDependency */,
			);
			name = CandiedYams;
			packageProductDependencies = (
				FA9EA78327690A630063066E /* Yams */,
			);
			productName = "candied-yams";
			productReference = FA9EA778276909C20063066E /* CandiedYams.framework */;
			productType = "com.apple.product-type.framework";
		};
		FA9EA78A276918610063066E /* CandiedYamsTests */ = {
			isa = PBXNativeTarget;
			buildConfigurationList = FA9EA78F276918610063066E /* Build configuration list for PBXNativeTarget "CandiedYamsTests" */;
			buildPhases = (
				FA9EA787276918610063066E /* Sources */,
				FA9EA788276918610063066E /* Frameworks */,
				FA9EA789276918610063066E /* Resources */,
			);
			buildRules = (
			);
			dependencies = (
				FA9EA7B52769188C0063066E /* PBXTargetDependency */,
			);
			name = CandiedYamsTests;
			productName = CandiedYamsTests;
			productReference = FA9EA78B276918610063066E /* CandiedYamsTests.xctest */;
			productType = "com.apple.product-type.bundle.unit-test";
		};
/* End PBXNativeTarget section */

/* Begin PBXProject section */
		FA9EA76F276909C20063066E /* Project object */ = {
			isa = PBXProject;
			attributes = {
				BuildIndependentTargetsInParallel = 1;
				LastUpgradeCheck = 1330;
				TargetAttributes = {
					FA9EA777276909C20063066E = {
						CreatedOnToolsVersion = 13.2;
						LastSwiftMigration = 1320;
					};
					FA9EA78A276918610063066E = {
						CreatedOnToolsVersion = 13.2;
					};
				};
			};
			buildConfigurationList = FA9EA772276909C20063066E /* Build configuration list for PBXProject "candied-yams" */;
			compatibilityVersion = "Xcode 12.0";
			developmentRegion = en;
			hasScannedForEncodings = 0;
			knownRegions = (
				en,
				Base,
			);
			mainGroup = FA9EA76E276909C20063066E;
			packageReferences = (
				FA9EA78227690A630063066E /* XCRemoteSwiftPackageReference "yams" */,
			);
			productRefGroup = FA9EA779276909C20063066E /* Products */;
			projectDirPath = "";
			projectRoot = "";
			targets = (
				FA9EA777276909C20063066E /* CandiedYams */,
				FA9EA78A276918610063066E /* CandiedYamsTests */,
			);
		};
/* End PBXProject section */

/* Begin PBXResourcesBuildPhase section */
		FA9EA776276909C20063066E /* Resources */ = {
			isa = PBXResourcesBuildPhase;
			buildActionMask = 2147483647;
			files = (
			);
			runOnlyForDeploymentPostprocessing = 0;
		};
		FA9EA789276918610063066E /* Resources */ = {
			isa = PBXResourcesBuildPhase;
			buildActionMask = 2147483647;
			files = (
			);
			runOnlyForDeploymentPostprocessing = 0;
		};
/* End PBXResourcesBuildPhase section */

/* Begin PBXSourcesBuildPhase section */
		FA9EA774276909C20063066E /* Sources */ = {
			isa = PBXSourcesBuildPhase;
			buildActionMask = 2147483647;
			files = (
				FA9EA78627690B9B0063066E /* SugarSyrup.swift in Sources */,
			);
			runOnlyForDeploymentPostprocessing = 0;
		};
		FA9EA787276918610063066E /* Sources */ = {
			isa = PBXSourcesBuildPhase;
			buildActionMask = 2147483647;
			files = (
				FA9EA78E276918610063066E /* CandiedYamsTests.m in Sources */,
			);
			runOnlyForDeploymentPostprocessing = 0;
		};
/* End PBXSourcesBuildPhase section */

/* Begin PBXTargetDependency section */
		FA40E6AB27AB4D3200A2A528 /* PBXTargetDependency */ = {
			isa = PBXTargetDependency;
			productRef = FA40E6AA27AB4D3200A2A528 /* Yams */;
		};
		FA9EA7B52769188C0063066E /* PBXTargetDependency */ = {
			isa = PBXTargetDependency;
			target = FA9EA777276909C20063066E /* CandiedYams */;
			targetProxy = FA9EA7B42769188C0063066E /* PBXContainerItemProxy */;
		};
/* End PBXTargetDependency section */

/* Begin XCBuildConfiguration section */
		FA9EA77D276909C20063066E /* Debug */ = {
			isa = XCBuildConfiguration;
			buildSettings = {
				ALWAYS_SEARCH_USER_PATHS = NO;
				CLANG_ANALYZER_GCD_PERFORMANCE = YES;
				CLANG_ANALYZER_NONNULL = YES;
				CLANG_ANALYZER_NUMBER_OBJECT_CONVERSION = YES_AGGRESSIVE;
				CLANG_ANALYZER_SECURITY_FLOATLOOPCOUNTER = YES;
				CLANG_CXX_LANGUAGE_STANDARD = "gnu++17";
				CLANG_ENABLE_MODULES = YES;
				CLANG_ENABLE_OBJC_ARC = YES;
				CLANG_ENABLE_OBJC_WEAK = YES;
				CLANG_UNDEFINED_BEHAVIOR_SANITIZER_NULLABILITY = YES;
				CLANG_WARN_ASSIGN_ENUM = YES;
				CLANG_WARN_BLOCK_CAPTURE_AUTORELEASING = YES;
				CLANG_WARN_BOOL_CONVERSION = YES;
				CLANG_WARN_COMMA = YES;
				CLANG_WARN_COMPLETION_HANDLER_MISUSE = YES;
				CLANG_WARN_CONSTANT_CONVERSION = YES;
				CLANG_WARN_DEPRECATED_OBJC_IMPLEMENTATIONS = YES;
				CLANG_WARN_DIRECT_OBJC_ISA_USAGE = YES_ERROR;
				CLANG_WARN_DOCUMENTATION_COMMENTS = YES;
				CLANG_WARN_EMPTY_BODY = YES;
				CLANG_WARN_ENUM_CONVERSION = YES;
				CLANG_WARN_FLOAT_CONVERSION = YES_ERROR;
				CLANG_WARN_IMPLICIT_SIGN_CONVERSION = YES_ERROR;
				CLANG_WARN_INFINITE_RECURSION = YES;
				CLANG_WARN_INT_CONVERSION = YES;
				CLANG_WARN_NON_LITERAL_NULL_CONVERSION = YES;
				CLANG_WARN_OBJC_IMPLICIT_RETAIN_SELF = YES;
				CLANG_WARN_OBJC_LITERAL_CONVERSION = YES;
				CLANG_WARN_OBJC_REPEATED_USE_OF_WEAK = YES;
				CLANG_WARN_OBJC_ROOT_CLASS = YES_ERROR;
				CLANG_WARN_QUOTED_INCLUDE_IN_FRAMEWORK_HEADER = YES;
				CLANG_WARN_RANGE_LOOP_ANALYSIS = YES;
				CLANG_WARN_SEMICOLON_BEFORE_METHOD_BODY = YES;
				CLANG_WARN_STRICT_PROTOTYPES = YES;
				CLANG_WARN_SUSPICIOUS_IMPLICIT_CONVERSION = YES_ERROR;
				CLANG_WARN_SUSPICIOUS_MOVE = YES;
				CLANG_WARN_UNGUARDED_AVAILABILITY = YES_AGGRESSIVE;
				CLANG_WARN_UNREACHABLE_CODE = YES;
				CLANG_WARN__DUPLICATE_METHOD_MATCH = YES;
				COPY_PHASE_STRIP = NO;
				CURRENT_PROJECT_VERSION = 1;
				DEBUG_INFORMATION_FORMAT = dwarf;
				ENABLE_STRICT_OBJC_MSGSEND = YES;
				ENABLE_TESTABILITY = YES;
				GCC_C_LANGUAGE_STANDARD = gnu11;
				GCC_NO_COMMON_BLOCKS = YES;
				GCC_OPTIMIZATION_LEVEL = 0;
				GCC_PREPROCESSOR_DEFINITIONS = (
					"DEBUG=1",
					"$(inherited)",
				);
				GCC_TREAT_IMPLICIT_FUNCTION_DECLARATIONS_AS_ERRORS = YES;
				GCC_TREAT_INCOMPATIBLE_POINTER_TYPE_WARNINGS_AS_ERRORS = YES;
				GCC_WARN_64_TO_32_BIT_CONVERSION = YES;
				GCC_WARN_ABOUT_MISSING_FIELD_INITIALIZERS = YES;
				GCC_WARN_ABOUT_MISSING_NEWLINE = YES;
				GCC_WARN_ABOUT_MISSING_PROTOTYPES = YES;
				GCC_WARN_ABOUT_RETURN_TYPE = YES_ERROR;
				GCC_WARN_INITIALIZER_NOT_FULLY_BRACKETED = YES;
				GCC_WARN_SHADOW = YES;
				GCC_WARN_SIGN_COMPARE = YES;
				GCC_WARN_UNDECLARED_SELECTOR = YES;
				GCC_WARN_UNINITIALIZED_AUTOS = YES_AGGRESSIVE;
				GCC_WARN_UNUSED_FUNCTION = YES;
				GCC_WARN_UNUSED_VARIABLE = YES;
				MACOSX_DEPLOYMENT_TARGET = 10.14;
				ONLY_ACTIVE_ARCH = YES;
				RUN_CLANG_STATIC_ANALYZER = YES;
				SDKROOT = macosx;
				SWIFT_ACTIVE_COMPILATION_CONDITIONS = DEBUG;
				SWIFT_OPTIMIZATION_LEVEL = "-Onone";
				SWIFT_VERSION = 5.0;
				VALIDATE_PRODUCT = YES;
				VALIDATE_WORKSPACE = YES;
				VERSIONING_SYSTEM = "apple-generic";
				VERSION_INFO_PREFIX = "";
			};
			name = Debug;
		};
		FA9EA77E276909C20063066E /* Release */ = {
			isa = XCBuildConfiguration;
			buildSettings = {
				ALWAYS_SEARCH_USER_PATHS = NO;
				CLANG_ANALYZER_GCD_PERFORMANCE = YES;
				CLANG_ANALYZER_NONNULL = YES;
				CLANG_ANALYZER_NUMBER_OBJECT_CONVERSION = YES_AGGRESSIVE;
				CLANG_ANALYZER_SECURITY_FLOATLOOPCOUNTER = YES;
				CLANG_CXX_LANGUAGE_STANDARD = "gnu++17";
				CLANG_ENABLE_MODULES = YES;
				CLANG_ENABLE_OBJC_ARC = YES;
				CLANG_ENABLE_OBJC_WEAK = YES;
				CLANG_UNDEFINED_BEHAVIOR_SANITIZER_NULLABILITY = YES;
				CLANG_WARN_ASSIGN_ENUM = YES;
				CLANG_WARN_BLOCK_CAPTURE_AUTORELEASING = YES;
				CLANG_WARN_BOOL_CONVERSION = YES;
				CLANG_WARN_COMMA = YES;
				CLANG_WARN_COMPLETION_HANDLER_MISUSE = YES;
				CLANG_WARN_CONSTANT_CONVERSION = YES;
				CLANG_WARN_DEPRECATED_OBJC_IMPLEMENTATIONS = YES;
				CLANG_WARN_DIRECT_OBJC_ISA_USAGE = YES_ERROR;
				CLANG_WARN_DOCUMENTATION_COMMENTS = YES;
				CLANG_WARN_EMPTY_BODY = YES;
				CLANG_WARN_ENUM_CONVERSION = YES;
				CLANG_WARN_FLOAT_CONVERSION = YES_ERROR;
				CLANG_WARN_IMPLICIT_SIGN_CONVERSION = YES_ERROR;
				CLANG_WARN_INFINITE_RECURSION = YES;
				CLANG_WARN_INT_CONVERSION = YES;
				CLANG_WARN_NON_LITERAL_NULL_CONVERSION = YES;
				CLANG_WARN_OBJC_IMPLICIT_RETAIN_SELF = YES;
				CLANG_WARN_OBJC_LITERAL_CONVERSION = YES;
				CLANG_WARN_OBJC_REPEATED_USE_OF_WEAK = YES;
				CLANG_WARN_OBJC_ROOT_CLASS = YES_ERROR;
				CLANG_WARN_QUOTED_INCLUDE_IN_FRAMEWORK_HEADER = YES;
				CLANG_WARN_RANGE_LOOP_ANALYSIS = YES;
				CLANG_WARN_SEMICOLON_BEFORE_METHOD_BODY = YES;
				CLANG_WARN_STRICT_PROTOTYPES = YES;
				CLANG_WARN_SUSPICIOUS_IMPLICIT_CONVERSION = YES_ERROR;
				CLANG_WARN_SUSPICIOUS_MOVE = YES;
				CLANG_WARN_UNGUARDED_AVAILABILITY = YES_AGGRESSIVE;
				CLANG_WARN_UNREACHABLE_CODE = YES;
				CLANG_WARN__DUPLICATE_METHOD_MATCH = YES;
				COPY_PHASE_STRIP = NO;
				CURRENT_PROJECT_VERSION = 1;
				DEBUG_INFORMATION_FORMAT = "dwarf-with-dsym";
				ENABLE_NS_ASSERTIONS = NO;
				ENABLE_STRICT_OBJC_MSGSEND = YES;
				GCC_C_LANGUAGE_STANDARD = gnu11;
				GCC_NO_COMMON_BLOCKS = YES;
				GCC_TREAT_IMPLICIT_FUNCTION_DECLARATIONS_AS_ERRORS = YES;
				GCC_TREAT_INCOMPATIBLE_POINTER_TYPE_WARNINGS_AS_ERRORS = YES;
				GCC_WARN_64_TO_32_BIT_CONVERSION = YES;
				GCC_WARN_ABOUT_MISSING_FIELD_INITIALIZERS = YES;
				GCC_WARN_ABOUT_MISSING_NEWLINE = YES;
				GCC_WARN_ABOUT_MISSING_PROTOTYPES = YES;
				GCC_WARN_ABOUT_RETURN_TYPE = YES_ERROR;
				GCC_WARN_INITIALIZER_NOT_FULLY_BRACKETED = YES;
				GCC_WARN_SHADOW = YES;
				GCC_WARN_SIGN_COMPARE = YES;
				GCC_WARN_UNDECLARED_SELECTOR = YES;
				GCC_WARN_UNINITIALIZED_AUTOS = YES_AGGRESSIVE;
				GCC_WARN_UNUSED_FUNCTION = YES;
				GCC_WARN_UNUSED_VARIABLE = YES;
				MACOSX_DEPLOYMENT_TARGET = 10.14;
				RUN_CLANG_STATIC_ANALYZER = YES;
				SDKROOT = macosx;
				SWIFT_COMPILATION_MODE = wholemodule;
				SWIFT_VERSION = 5.0;
				VALIDATE_PRODUCT = YES;
				VALIDATE_WORKSPACE = YES;
				VERSIONING_SYSTEM = "apple-generic";
				VERSION_INFO_PREFIX = "";
			};
			name = Release;
		};
		FA9EA780276909C20063066E /* Debug */ = {
			isa = XCBuildConfiguration;
			buildSettings = {
				CODE_SIGN_STYLE = Automatic;
				COMBINE_HIDPI_IMAGES = YES;
				CURRENT_PROJECT_VERSION = 1;
				DEFINES_MODULE = YES;
				DYLIB_COMPATIBILITY_VERSION = 1;
				DYLIB_CURRENT_VERSION = 1;
				DYLIB_INSTALL_NAME_BASE = "@rpath";
				GENERATE_INFOPLIST_FILE = YES;
				INSTALL_PATH = "@loader_name/../Frameworks";
				LD_RUNPATH_SEARCH_PATHS = (
					"$(inherited)",
					"@executable_path/../Frameworks",
					"@loader_path/Frameworks",
				);
				MARKETING_VERSION = 1.0;
				PRODUCT_BUNDLE_IDENTIFIER = "org.darkrainfall.candied-yams";
				PRODUCT_NAME = "$(TARGET_NAME:c99extidentifier)";
				SKIP_INSTALL = YES;
				SWIFT_EMIT_LOC_STRINGS = YES;
			};
			name = Debug;
		};
		FA9EA781276909C20063066E /* Release */ = {
			isa = XCBuildConfiguration;
			buildSettings = {
				CODE_SIGN_STYLE = Automatic;
				COMBINE_HIDPI_IMAGES = YES;
				CURRENT_PROJECT_VERSION = 1;
				DEFINES_MODULE = YES;
				DYLIB_COMPATIBILITY_VERSION = 1;
				DYLIB_CURRENT_VERSION = 1;
				DYLIB_INSTALL_NAME_BASE = "@rpath";
				GENERATE_INFOPLIST_FILE = YES;
				INSTALL_PATH = "@loader_name/../Frameworks";
				LD_RUNPATH_SEARCH_PATHS = (
					"$(inherited)",
					"@executable_path/../Frameworks",
					"@loader_path/Frameworks",
				);
				MARKETING_VERSION = 1.0;
				PRODUCT_BUNDLE_IDENTIFIER = "org.darkrainfall.candied-yams";
				PRODUCT_NAME = "$(TARGET_NAME:c99extidentifier)";
				SKIP_INSTALL = YES;
				SWIFT_EMIT_LOC_STRINGS = YES;
			};
			name = Release;
		};
		FA9EA790276918610063066E /* Debug */ = {
			isa = XCBuildConfiguration;
			buildSettings = {
				CODE_SIGN_STYLE = Automatic;
				CURRENT_PROJECT_VERSION = 1;
				GCC_DYNAMIC_NO_PIC = NO;
				GENERATE_INFOPLIST_FILE = YES;
				MARKETING_VERSION = 1.0;
				PRODUCT_BUNDLE_IDENTIFIER = org.darkrainfall.CandiedYamsTests;
				PRODUCT_NAME = "$(TARGET_NAME)";
				SWIFT_EMIT_LOC_STRINGS = NO;
				TARGETED_DEVICE_FAMILY = 3;
				TVOS_DEPLOYMENT_TARGET = 15.2;
			};
			name = Debug;
		};
		FA9EA791276918610063066E /* Release */ = {
			isa = XCBuildConfiguration;
			buildSettings = {
				CODE_SIGN_STYLE = Automatic;
				CURRENT_PROJECT_VERSION = 1;
				GENERATE_INFOPLIST_FILE = YES;
				MARKETING_VERSION = 1.0;
				PRODUCT_BUNDLE_IDENTIFIER = org.darkrainfall.CandiedYamsTests;
				PRODUCT_NAME = "$(TARGET_NAME)";
				SWIFT_EMIT_LOC_STRINGS = NO;
				TARGETED_DEVICE_FAMILY = 3;
				TVOS_DEPLOYMENT_TARGET = 15.2;
				VALIDATE_PRODUCT = YES;
			};
			name = Release;
		};
/* End XCBuildConfiguration section */

/* Begin XCConfigurationList section */
		FA9EA772276909C20063066E /* Build configuration list for PBXProject "candied-yams" */ = {
			isa = XCConfigurationList;
			buildConfigurations = (
				FA9EA77D276909C20063066E /* Debug */,
				FA9EA77E276909C20063066E /* Release */,
			);
			defaultConfigurationIsVisible = 0;
			defaultConfigurationName = Release;
		};
		FA9EA77F276909C20063066E /* Build configuration list for PBXNativeTarget "CandiedYams" */ = {
			isa = XCConfigurationList;
			buildConfigurations = (
				FA9EA780276909C20063066E /* Debug */,
				FA9EA781276909C20063066E /* Release */,
			);
			defaultConfigurationIsVisible = 0;
			defaultConfigurationName = Release;
		};
		FA9EA78F276918610063066E /* Build configuration list for PBXNativeTarget "CandiedYamsTests" */ = {
			isa = XCConfigurationList;
			buildConfigurations = (
				FA9EA790276918610063066E /* Debug */,
				FA9EA791276918610063066E /* Release */,
			);
			defaultConfigurationIsVisible = 0;
			defaultConfigurationName = Release;
		};
/* End XCConfigurationList section */

/* Begin XCRemoteSwiftPackageReference section */
		FA9EA78227690A630063066E /* XCRemoteSwiftPackageReference "yams" */ = {
			isa = XCRemoteSwiftPackageReference;
			repositoryURL = "https://github.com/jpsim/yams.git";
			requirement = {
				kind = upToNextMajorVersion;
				minimumVersion = 4.0.0;
			};
		};
/* End XCRemoteSwiftPackageReference section */

/* Begin XCSwiftPackageProductDependency section */
		FA40E6AA27AB4D3200A2A528 /* Yams */ = {
			isa = XCSwiftPackageProductDependency;
			package = FA9EA78227690A630063066E /* XCRemoteSwiftPackageReference "yams" */;
			productName = Yams;
		};
		FA9EA78327690A630063066E /* Yams */ = {
			isa = XCSwiftPackageProductDependency;
			package = FA9EA78227690A630063066E /* XCRemoteSwiftPackageReference "yams" */;
			productName = Yams;
		};
/* End XCSwiftPackageProductDependency section */
	};
	rootObject = FA9EA76F276909C20063066E /* Project object */;
}
